{
  "requires": true,
  "lockfileVersion": 1,
  "dependencies": {
    "angular-date-value-accessor": {
      "version": "1.2.0",
      "resolved": "https://registry.npmjs.org/angular-date-value-accessor/-/angular-date-value-accessor-1.2.0.tgz",
      "integrity": "sha512-h/d9/+OPVQlRHB1MWILT86R56QWj/Z9sIsIMAmRawsIUdPPgvDe4hnf7G1/05qg823Fnoe4b4PNwxGcCN2YSew==",
      "requires": {
        "tslib": "^2.0.0"
      }
    },
    "tslib": {
      "version": "2.1.0",
      "resolved": "https://registry.npmjs.org/tslib/-/tslib-2.1.0.tgz",
      "integrity": "sha512-hcVC3wYEziELGGmEEXue7D75zbwIIVUMWAVbHItGPx0ziyXxrOMQx4rQEVEV45Ut/1IotuEvwqPopzIOkDMf0A=="
    }
  }
}
